
Microsoft Visual Studio Solution File, Format Version 12.00
# Visual Studio 15
VisualStudioVersion = 15.0.27703.2042
MinimumVisualStudioVersion = 10.0.40219.1
Project("{FAE04EC0-301F-11D3-BF4B-00C04F79EFBC}") = "RaspberryPiGPIODevUI", "RaspberryPiGPIODevUI\RaspberryPiGPIODevUI.csproj", "{5FBCEDE6-A883-4193-BB85-1EEE17BBFBAC}"
EndProject
Global
	GlobalSection(SolutionConfigurationPlatforms) = preSolution
		Debug|Any CPU = Debug|Any CPU
		Release|Any CPU = Release|Any CPU
	EndGlobalSection
	GlobalSection(ProjectConfigurationPlatforms) = postSolution
		{5FBCEDE6-A883-4193-BB85-1EEE17BBFBAC}.Debug|Any CPU.ActiveCfg = Debug|Any CPU
		{5FBCEDE6-A883-4193-BB85-1EEE17BBFBAC}.Debug|Any CPU.Build.0 = Debug|Any CPU
		{5FBCEDE6-A883-4193-BB85-1EEE17BBFBAC}.Release|Any CPU.ActiveCfg = Release|Any CPU
		{5FBCEDE6-A883-4193-BB85-1EEE17BBFBAC}.Release|Any CPU.Build.0 = Release|Any CPU
	EndGlobalSection
	GlobalSection(SolutionProperties) = preSolution
		HideSolutionNode = FALSE
	EndGlobalSection
	GlobalSection(ExtensibilityGlobals) = postSolution
		SolutionGuid = {0710C4A6-881D-416B-A97B-0CA36EE00BF2}
	EndGlobalSection
EndGlobal
